
Microsoft Visual Studio Solution File, Format Version 12.00
# Visual Studio Version 16
VisualStudioVersion = 16.0.31624.102
MinimumVisualStudioVersion = 10.0.40219.1
Project("{9A19103F-16F7-4668-BE54-9A1E7A4F7556}") = "Sewer56.DeltaPatchGenerator.Tests", "Sewer56.DeltaPatchGenerator.Lib.Tests\Sewer56.DeltaPatchGenerator.Tests.csproj", "{E09C30D9-7F41-4AFE-945F-B3FDCED6CAD5}"
EndProject
Project("{9A19103F-16F7-4668-BE54-9A1E7A4F7556}") = "Sewer56.DeltaPatchGenerator.Lib", "Sewer56.DeltaPatchGenerator.Lib\Sewer56.DeltaPatchGenerator.Lib.csproj", "{92291413-6C36-4DB1-80EF-61EAC9BCC07D}"
EndProject
Project("{2150E333-8FDC-42A3-9474-1A3956D46DE8}") = "Submoodules", "Submoodules", "{7AEC2421-5750-432A-8C62-01EF26AF2976}"
EndProject
Project("{9A19103F-16F7-4668-BE54-9A1E7A4F7556}") = "VCDiff", "Submodules\vcdiff\src\VCDiff\VCDiff.csproj", "{90D0C2B2-00F0-4220-8F71-4B1C62D85470}"
EndProject
Global
	GlobalSection(SolutionConfigurationPlatforms) = preSolution
		Debug|Any CPU = Debug|Any CPU
		Release|Any CPU = Release|Any CPU
	EndGlobalSection
	GlobalSection(ProjectConfigurationPlatforms) = postSolution
		{E09C30D9-7F41-4AFE-945F-B3FDCED6CAD5}.Debug|Any CPU.ActiveCfg = Debug|Any CPU
		{E09C30D9-7F41-4AFE-945F-B3FDCED6CAD5}.Debug|Any CPU.Build.0 = Debug|Any CPU
		{E09C30D9-7F41-4AFE-945F-B3FDCED6CAD5}.Release|Any CPU.ActiveCfg = Release|Any CPU
		{E09C30D9-7F41-4AFE-945F-B3FDCED6CAD5}.Release|Any CPU.Build.0 = Release|Any CPU
		{92291413-6C36-4DB1-80EF-61EAC9BCC07D}.Debug|Any CPU.ActiveCfg = Debug|Any CPU
		{92291413-6C36-4DB1-80EF-61EAC9BCC07D}.Debug|Any CPU.Build.0 = Debug|Any CPU
		{92291413-6C36-4DB1-80EF-61EAC9BCC07D}.Release|Any CPU.ActiveCfg = Release|Any CPU
		{92291413-6C36-4DB1-80EF-61EAC9BCC07D}.Release|Any CPU.Build.0 = Release|Any CPU
		{90D0C2B2-00F0-4220-8F71-4B1C62D85470}.Debug|Any CPU.ActiveCfg = Debug|Any CPU
		{90D0C2B2-00F0-4220-8F71-4B1C62D85470}.Debug|Any CPU.Build.0 = Debug|Any CPU
		{90D0C2B2-00F0-4220-8F71-4B1C62D85470}.Release|Any CPU.ActiveCfg = Release|Any CPU
		{90D0C2B2-00F0-4220-8F71-4B1C62D85470}.Release|Any CPU.Build.0 = Release|Any CPU
	EndGlobalSection
	GlobalSection(SolutionProperties) = preSolution
		HideSolutionNode = FALSE
	EndGlobalSection
	GlobalSection(NestedProjects) = preSolution
		{90D0C2B2-00F0-4220-8F71-4B1C62D85470} = {7AEC2421-5750-432A-8C62-01EF26AF2976}
	EndGlobalSection
	GlobalSection(ExtensibilityGlobals) = postSolution
		SolutionGuid = {6898F0CD-6F51-46F3-ACFD-DD527FCB83D9}
	EndGlobalSection
EndGlobal
